
Microsoft Visual Studio Solution File, Format Version 9.00
# Visual Studio 2005
Project("{8BC9CEB8-8B4A-11D0-8D11-00A0C91BC942}") = "TestPatchDSO", "TestPatchDSO.vcproj", "{63A19AA3-9A62-4956-B8BF-080490A9E27C}"
	ProjectSection(WebsiteProperties) = preProject
		Debug.AspNetCompiler.Debug = "True"
		Release.AspNetCompiler.Debug = "False"
	EndProjectSection
EndProject
Global
	GlobalSection(SolutionConfigurationPlatforms) = preSolution
		Debug|Win32 = Debug|Win32
		Debug|x64 = Debug|x64
		Release|Win32 = Release|Win32
		Release|x64 = Release|x64
	EndGlobalSection
	GlobalSection(ProjectConfigurationPlatforms) = postSolution
		{63A19AA3-9A62-4956-B8BF-080490A9E27C}.Debug|Win32.ActiveCfg = Debug|Win32
		{63A19AA3-9A62-4956-B8BF-080490A9E27C}.Debug|Win32.Build.0 = Debug|Win32
		{63A19AA3-9A62-4956-B8BF-080490A9E27C}.Debug|x64.ActiveCfg = Debug|x64
		{63A19AA3-9A62-4956-B8BF-080490A9E27C}.Debug|x64.Build.0 = Debug|x64
		{63A19AA3-9A62-4956-B8BF-080490A9E27C}.Release|Win32.ActiveCfg = Release|Win32
		{63A19AA3-9A62-4956-B8BF-080490A9E27C}.Release|Win32.Build.0 = Release|Win32
		{63A19AA3-9A62-4956-B8BF-080490A9E27C}.Release|x64.ActiveCfg = Release|x64
		{63A19AA3-9A62-4956-B8BF-080490A9E27C}.Release|x64.Build.0 = Release|x64
	EndGlobalSection
	GlobalSection(SolutionProperties) = preSolution
		HideSolutionNode = FALSE
	EndGlobalSection
EndGlobal
