
Microsoft Visual Studio Solution File, Format Version 9.00
# Visual Studio 2005
Project("{8BC9CEB8-8B4A-11D0-8D11-00A0C91BC942}") = "MallocReplay", "MallocReplay.vcproj", "{84C0D3D8-34DE-4359-B4BD-AAC480D8247C}"
	ProjectSection(WebsiteProperties) = preProject
		Debug.AspNetCompiler.Debug = "True"
		Release.AspNetCompiler.Debug = "False"
	EndProjectSection
EndProject
Global
	GlobalSection(SolutionConfigurationPlatforms) = preSolution
		Debug|Win32 = Debug|Win32
		Debug|x64 = Debug|x64
		Release|Win32 = Release|Win32
		Release|x64 = Release|x64
	EndGlobalSection
	GlobalSection(ProjectConfigurationPlatforms) = postSolution
		{84C0D3D8-34DE-4359-B4BD-AAC480D8247C}.Debug|Win32.ActiveCfg = Debug|Win32
		{84C0D3D8-34DE-4359-B4BD-AAC480D8247C}.Debug|Win32.Build.0 = Debug|Win32
		{84C0D3D8-34DE-4359-B4BD-AAC480D8247C}.Debug|x64.ActiveCfg = Debug|x64
		{84C0D3D8-34DE-4359-B4BD-AAC480D8247C}.Debug|x64.Build.0 = Debug|x64
		{84C0D3D8-34DE-4359-B4BD-AAC480D8247C}.Release|Win32.ActiveCfg = Release|Win32
		{84C0D3D8-34DE-4359-B4BD-AAC480D8247C}.Release|Win32.Build.0 = Release|Win32
		{84C0D3D8-34DE-4359-B4BD-AAC480D8247C}.Release|x64.ActiveCfg = Release|x64
		{84C0D3D8-34DE-4359-B4BD-AAC480D8247C}.Release|x64.Build.0 = Release|x64
	EndGlobalSection
	GlobalSection(SolutionProperties) = preSolution
		HideSolutionNode = FALSE
	EndGlobalSection
EndGlobal
